// !$*UTF8*$!
{
	archiveVersion = 1;
	classes = {
	};
	objectVersion = 46;
	objects = {

/* Begin PBXBuildFile section */
		A05E4FAC21DD475500378FFA /* ViewControllerUITestCase.swift in Sources */ = {isa = PBXBuildFile; fileRef = A05E4FAB21DD475500378FFA /* ViewControllerUITestCase.swift */; };
		A07A49B421DCE890005B530D /* CalculateTestCase.swift in Sources */ = {isa = PBXBuildFile; fileRef = A07A49B321DCE890005B530D /* CalculateTestCase.swift */; };
		A099AF6521D98A130000D3F7 /* ViewController.swift in Sources */ = {isa = PBXBuildFile; fileRef = A099AF6421D98A130000D3F7 /* ViewController.swift */; };
		A0D0F96E21DA458D00471330 /* CalculateView.swift in Sources */ = {isa = PBXBuildFile; fileRef = A0D0F96D21DA458D00471330 /* CalculateView.swift */; };
		A0D0F97021DA934B00471330 /* Calculate.swift in Sources */ = {isa = PBXBuildFile; fileRef = A0D0F96F21DA934B00471330 /* Calculate.swift */; };
		C926DADD1D7581BB00477020 /* AppDelegate.swift in Sources */ = {isa = PBXBuildFile; fileRef = C926DADC1D7581BB00477020 /* AppDelegate.swift */; };
		C926DAE21D7581BB00477020 /* Main.storyboard in Resources */ = {isa = PBXBuildFile; fileRef = C926DAE01D7581BB00477020 /* Main.storyboard */; };
		C926DAE41D7581BB00477020 /* Assets.xcassets in Resources */ = {isa = PBXBuildFile; fileRef = C926DAE31D7581BB00477020 /* Assets.xcassets */; };
		C926DAE71D7581BB00477020 /* LaunchScreen.storyboard in Resources */ = {isa = PBXBuildFile; fileRef = C926DAE51D7581BB00477020 /* LaunchScreen.storyboard */; };
		C9DA150A1DF08CF100B0974D /* Default-568h@2x.png in Resources */ = {isa = PBXBuildFile; fileRef = C9DA15091DF08CF100B0974D /* Default-568h@2x.png */; };
/* End PBXBuildFile section */

/* Begin PBXContainerItemProxy section */
		C926DAEE1D7581BB00477020 /* PBXContainerItemProxy */ = {
			isa = PBXContainerItemProxy;
			containerPortal = C926DAD11D7581BB00477020 /* Project object */;
			proxyType = 1;
			remoteGlobalIDString = C926DAD81D7581BB00477020;
			remoteInfo = "Zozor+";
		};
		C926DAF91D7581BB00477020 /* PBXContainerItemProxy */ = {
			isa = PBXContainerItemProxy;
			containerPortal = C926DAD11D7581BB00477020 /* Project object */;
			proxyType = 1;
			remoteGlobalIDString = C926DAD81D7581BB00477020;
			remoteInfo = "Zozor+";
		};
/* End PBXContainerItemProxy section */

/* Begin PBXFileReference section */
		A05E4FAB21DD475500378FFA /* ViewControllerUITestCase.swift */ = {isa = PBXFileReference; lastKnownFileType = sourcecode.swift; path = ViewControllerUITestCase.swift; sourceTree = "<group>"; };
		A07A49B321DCE890005B530D /* CalculateTestCase.swift */ = {isa = PBXFileReference; lastKnownFileType = sourcecode.swift; path = CalculateTestCase.swift; sourceTree = "<group>"; };
		A099AF6421D98A130000D3F7 /* ViewController.swift */ = {isa = PBXFileReference; lastKnownFileType = sourcecode.swift; path = ViewController.swift; sourceTree = "<group>"; };
		A0D0F96D21DA458D00471330 /* CalculateView.swift */ = {isa = PBXFileReference; lastKnownFileType = sourcecode.swift; path = CalculateView.swift; sourceTree = "<group>"; };
		A0D0F96F21DA934B00471330 /* Calculate.swift */ = {isa = PBXFileReference; lastKnownFileType = sourcecode.swift; path = Calculate.swift; sourceTree = "<group>"; };
		C926DAD91D7581BB00477020 /* CountOnMe.app */ = {isa = PBXFileReference; explicitFileType = wrapper.application; includeInIndex = 0; path = CountOnMe.app; sourceTree = BUILT_PRODUCTS_DIR; };
		C926DADC1D7581BB00477020 /* AppDelegate.swift */ = {isa = PBXFileReference; lastKnownFileType = sourcecode.swift; path = AppDelegate.swift; sourceTree = "<group>"; };
		C926DAE11D7581BB00477020 /* Base */ = {isa = PBXFileReference; lastKnownFileType = file.storyboard; name = Base; path = Base.lproj/Main.storyboard; sourceTree = "<group>"; };
		C926DAE31D7581BB00477020 /* Assets.xcassets */ = {isa = PBXFileReference; lastKnownFileType = folder.assetcatalog; path = Assets.xcassets; sourceTree = "<group>"; };
		C926DAE61D7581BB00477020 /* Base */ = {isa = PBXFileReference; lastKnownFileType = file.storyboard; name = Base; path = Base.lproj/LaunchScreen.storyboard; sourceTree = "<group>"; };
		C926DAE81D7581BB00477020 /* Info.plist */ = {isa = PBXFileReference; lastKnownFileType = text.plist.xml; path = Info.plist; sourceTree = "<group>"; };
		C926DAED1D7581BB00477020 /* CountOnMeTests.xctest */ = {isa = PBXFileReference; explicitFileType = wrapper.cfbundle; includeInIndex = 0; path = CountOnMeTests.xctest; sourceTree = BUILT_PRODUCTS_DIR; };
		C926DAF31D7581BB00477020 /* Info.plist */ = {isa = PBXFileReference; lastKnownFileType = text.plist.xml; path = Info.plist; sourceTree = "<group>"; };
		C926DAF81D7581BB00477020 /* CountOnMeUITests.xctest */ = {isa = PBXFileReference; explicitFileType = wrapper.cfbundle; includeInIndex = 0; path = CountOnMeUITests.xctest; sourceTree = BUILT_PRODUCTS_DIR; };
		C926DAFE1D7581BB00477020 /* Info.plist */ = {isa = PBXFileReference; lastKnownFileType = text.plist.xml; path = Info.plist; sourceTree = "<group>"; };
		C9DA15091DF08CF100B0974D /* Default-568h@2x.png */ = {isa = PBXFileReference; lastKnownFileType = image.png; path = "Default-568h@2x.png"; sourceTree = "<group>"; };
/* End PBXFileReference section */

/* Begin PBXFrameworksBuildPhase section */
		C926DAD61D7581BB00477020 /* Frameworks */ = {
			isa = PBXFrameworksBuildPhase;
			buildActionMask = 2147483647;
			files = (
			);
			runOnlyForDeploymentPostprocessing = 0;
		};
		C926DAEA1D7581BB00477020 /* Frameworks */ = {
			isa = PBXFrameworksBuildPhase;
			buildActionMask = 2147483647;
			files = (
			);
			runOnlyForDeploymentPostprocessing = 0;
		};
		C926DAF51D7581BB00477020 /* Frameworks */ = {
			isa = PBXFrameworksBuildPhase;
			buildActionMask = 2147483647;
			files = (
			);
			runOnlyForDeploymentPostprocessing = 0;
		};
/* End PBXFrameworksBuildPhase section */

/* Begin PBXGroup section */
		A099AF6021D97B520000D3F7 /* View */ = {
			isa = PBXGroup;
			children = (
				C926DAE01D7581BB00477020 /* Main.storyboard */,
				C926DAE51D7581BB00477020 /* LaunchScreen.storyboard */,
				A0D0F96D21DA458D00471330 /* CalculateView.swift */,
			);
			path = View;
			sourceTree = "<group>";
		};
		A099AF6121D97B5B0000D3F7 /* Model */ = {
			isa = PBXGroup;
			children = (
				A0D0F96F21DA934B00471330 /* Calculate.swift */,
			);
			path = Model;
			sourceTree = "<group>";
		};
		A099AF6221D97B660000D3F7 /* Controller */ = {
			isa = PBXGroup;
			children = (
				A099AF6421D98A130000D3F7 /* ViewController.swift */,
			);
			path = Controller;
			sourceTree = "<group>";
		};
		A099AF6321D97B710000D3F7 /* SupportingFiles */ = {
			isa = PBXGroup;
			children = (
				C9DA15091DF08CF100B0974D /* Default-568h@2x.png */,
				C926DADC1D7581BB00477020 /* AppDelegate.swift */,
				C926DAE31D7581BB00477020 /* Assets.xcassets */,
			);
			path = SupportingFiles;
			sourceTree = "<group>";
		};
		C926DAD01D7581BB00477020 = {
			isa = PBXGroup;
			children = (
				C926DADB1D7581BB00477020 /* CountOnMe */,
				C926DAF01D7581BB00477020 /* CountOnMeTests */,
				C926DAFB1D7581BB00477020 /* CountOnMeUITests */,
				C926DADA1D7581BB00477020 /* Products */,
			);
			sourceTree = "<group>";
		};
		C926DADA1D7581BB00477020 /* Products */ = {
			isa = PBXGroup;
			children = (
				C926DAD91D7581BB00477020 /* CountOnMe.app */,
				C926DAED1D7581BB00477020 /* CountOnMeTests.xctest */,
				C926DAF81D7581BB00477020 /* CountOnMeUITests.xctest */,
			);
			name = Products;
			sourceTree = "<group>";
		};
		C926DADB1D7581BB00477020 /* CountOnMe */ = {
			isa = PBXGroup;
			children = (
				A099AF6321D97B710000D3F7 /* SupportingFiles */,
				A099AF6221D97B660000D3F7 /* Controller */,
				A099AF6121D97B5B0000D3F7 /* Model */,
				A099AF6021D97B520000D3F7 /* View */,
				C926DAE81D7581BB00477020 /* Info.plist */,
			);
			name = CountOnMe;
			path = "Zozor+";
			sourceTree = "<group>";
		};
		C926DAF01D7581BB00477020 /* CountOnMeTests */ = {
			isa = PBXGroup;
			children = (
				A07A49B321DCE890005B530D /* CalculateTestCase.swift */,
				C926DAF31D7581BB00477020 /* Info.plist */,
			);
			name = CountOnMeTests;
			path = "Zozor+Tests";
			sourceTree = "<group>";
		};
		C926DAFB1D7581BB00477020 /* CountOnMeUITests */ = {
			isa = PBXGroup;
			children = (
				A05E4FAB21DD475500378FFA /* ViewControllerUITestCase.swift */,
				C926DAFE1D7581BB00477020 /* Info.plist */,
			);
			name = CountOnMeUITests;
			path = "Zozor+UITests";
			sourceTree = "<group>";
		};
/* End PBXGroup section */

/* Begin PBXNativeTarget section */
		C926DAD81D7581BB00477020 /* CountOnMe */ = {
			isa = PBXNativeTarget;
			buildConfigurationList = C926DB011D7581BB00477020 /* Build configuration list for PBXNativeTarget "CountOnMe" */;
			buildPhases = (
				C926DAD51D7581BB00477020 /* Sources */,
				C926DAD61D7581BB00477020 /* Frameworks */,
				C926DAD71D7581BB00477020 /* Resources */,
			);
			buildRules = (
			);
			dependencies = (
			);
			name = CountOnMe;
			productName = "Zozor+";
			productReference = C926DAD91D7581BB00477020 /* CountOnMe.app */;
			productType = "com.apple.product-type.application";
		};
		C926DAEC1D7581BB00477020 /* CountOnMeTests */ = {
			isa = PBXNativeTarget;
			buildConfigurationList = C926DB041D7581BB00477020 /* Build configuration list for PBXNativeTarget "CountOnMeTests" */;
			buildPhases = (
				C926DAE91D7581BB00477020 /* Sources */,
				C926DAEA1D7581BB00477020 /* Frameworks */,
				C926DAEB1D7581BB00477020 /* Resources */,
			);
			buildRules = (
			);
			dependencies = (
				C926DAEF1D7581BB00477020 /* PBXTargetDependency */,
			);
			name = CountOnMeTests;
			productName = "Zozor+Tests";
			productReference = C926DAED1D7581BB00477020 /* CountOnMeTests.xctest */;
			productType = "com.apple.product-type.bundle.unit-test";
		};
		C926DAF71D7581BB00477020 /* CountOnMeUITests */ = {
			isa = PBXNativeTarget;
			buildConfigurationList = C926DB071D7581BB00477020 /* Build configuration list for PBXNativeTarget "CountOnMeUITests" */;
			buildPhases = (
				C926DAF41D7581BB00477020 /* Sources */,
				C926DAF51D7581BB00477020 /* Frameworks */,
				C926DAF61D7581BB00477020 /* Resources */,
			);
			buildRules = (
			);
			dependencies = (
				C926DAFA1D7581BB00477020 /* PBXTargetDependency */,
			);
			name = CountOnMeUITests;
			productName = "Zozor+UITests";
			productReference = C926DAF81D7581BB00477020 /* CountOnMeUITests.xctest */;
			productType = "com.apple.product-type.bundle.ui-testing";
		};
/* End PBXNativeTarget section */

/* Begin PBXProject section */
		C926DAD11D7581BB00477020 /* Project object */ = {
			isa = PBXProject;
			attributes = {
				LastSwiftUpdateCheck = 0730;
				LastUpgradeCheck = 1010;
				ORGANIZATIONNAME = "Ambroise Collon";
				TargetAttributes = {
					C926DAD81D7581BB00477020 = {
						CreatedOnToolsVersion = 7.3.1;
						DevelopmentTeam = N4VGXY9MV7;
						LastSwiftMigration = 0810;
					};
					C926DAEC1D7581BB00477020 = {
						CreatedOnToolsVersion = 7.3.1;
						LastSwiftMigration = 1010;
						TestTargetID = C926DAD81D7581BB00477020;
					};
					C926DAF71D7581BB00477020 = {
						CreatedOnToolsVersion = 7.3.1;
						LastSwiftMigration = 1010;
						TestTargetID = C926DAD81D7581BB00477020;
					};
				};
			};
			buildConfigurationList = C926DAD41D7581BB00477020 /* Build configuration list for PBXProject "CountOnMe" */;
			compatibilityVersion = "Xcode 3.2";
			developmentRegion = English;
			hasScannedForEncodings = 0;
			knownRegions = (
				en,
				Base,
			);
			mainGroup = C926DAD01D7581BB00477020;
			productRefGroup = C926DADA1D7581BB00477020 /* Products */;
			projectDirPath = "";
			projectRoot = "";
			targets = (
				C926DAD81D7581BB00477020 /* CountOnMe */,
				C926DAEC1D7581BB00477020 /* CountOnMeTests */,
				C926DAF71D7581BB00477020 /* CountOnMeUITests */,
			);
		};
/* End PBXProject section */

/* Begin PBXResourcesBuildPhase section */
		C926DAD71D7581BB00477020 /* Resources */ = {
			isa = PBXResourcesBuildPhase;
			buildActionMask = 2147483647;
			files = (
				C926DAE71D7581BB00477020 /* LaunchScreen.storyboard in Resources */,
				C9DA150A1DF08CF100B0974D /* Default-568h@2x.png in Resources */,
				C926DAE41D7581BB00477020 /* Assets.xcassets in Resources */,
				C926DAE21D7581BB00477020 /* Main.storyboard in Resources */,
			);
			runOnlyForDeploymentPostprocessing = 0;
		};
		C926DAEB1D7581BB00477020 /* Resources */ = {
			isa = PBXResourcesBuildPhase;
			buildActionMask = 2147483647;
			files = (
			);
			runOnlyForDeploymentPostprocessing = 0;
		};
		C926DAF61D7581BB00477020 /* Resources */ = {
			isa = PBXResourcesBuildPhase;
			buildActionMask = 2147483647;
			files = (
			);
			runOnlyForDeploymentPostprocessing = 0;
		};
/* End PBXResourcesBuildPhase section */

/* Begin PBXSourcesBuildPhase section */
		C926DAD51D7581BB00477020 /* Sources */ = {
			isa = PBXSourcesBuildPhase;
			buildActionMask = 2147483647;
			files = (
				A0D0F97021DA934B00471330 /* Calculate.swift in Sources */,
				A099AF6521D98A130000D3F7 /* ViewController.swift in Sources */,
				A0D0F96E21DA458D00471330 /* CalculateView.swift in Sources */,
				C926DADD1D7581BB00477020 /* AppDelegate.swift in Sources */,
			);
			runOnlyForDeploymentPostprocessing = 0;
		};
		C926DAE91D7581BB00477020 /* Sources */ = {
			isa = PBXSourcesBuildPhase;
			buildActionMask = 2147483647;
			files = (
				A07A49B421DCE890005B530D /* CalculateTestCase.swift in Sources */,
			);
			runOnlyForDeploymentPostprocessing = 0;
		};
		C926DAF41D7581BB00477020 /* Sources */ = {
			isa = PBXSourcesBuildPhase;
			buildActionMask = 2147483647;
			files = (
				A05E4FAC21DD475500378FFA /* ViewControllerUITestCase.swift in Sources */,
			);
			runOnlyForDeploymentPostprocessing = 0;
		};
/* End PBXSourcesBuildPhase section */

/* Begin PBXTargetDependency section */
		C926DAEF1D7581BB00477020 /* PBXTargetDependency */ = {
			isa = PBXTargetDependency;
			target = C926DAD81D7581BB00477020 /* CountOnMe */;
			targetProxy = C926DAEE1D7581BB00477020 /* PBXContainerItemProxy */;
		};
		C926DAFA1D7581BB00477020 /* PBXTargetDependency */ = {
			isa = PBXTargetDependency;
			target = C926DAD81D7581BB00477020 /* CountOnMe */;
			targetProxy = C926DAF91D7581BB00477020 /* PBXContainerItemProxy */;
		};
/* End PBXTargetDependency section */

/* Begin PBXVariantGroup section */
		C926DAE01D7581BB00477020 /* Main.storyboard */ = {
			isa = PBXVariantGroup;
			children = (
				C926DAE11D7581BB00477020 /* Base */,
			);
			name = Main.storyboard;
			sourceTree = "<group>";
		};
		C926DAE51D7581BB00477020 /* LaunchScreen.storyboard */ = {
			isa = PBXVariantGroup;
			children = (
				C926DAE61D7581BB00477020 /* Base */,
			);
			name = LaunchScreen.storyboard;
			sourceTree = "<group>";
		};
/* End PBXVariantGroup section */

/* Begin XCBuildConfiguration section */
		C926DAFF1D7581BB00477020 /* Debug */ = {
			isa = XCBuildConfiguration;
			buildSettings = {
				ALWAYS_SEARCH_USER_PATHS = NO;
				CLANG_ANALYZER_NONNULL = YES;
				CLANG_CXX_LANGUAGE_STANDARD = "gnu++0x";
				CLANG_CXX_LIBRARY = "libc++";
				CLANG_ENABLE_MODULES = YES;
				CLANG_ENABLE_OBJC_ARC = YES;
				CLANG_WARN_BLOCK_CAPTURE_AUTORELEASING = YES;
				CLANG_WARN_BOOL_CONVERSION = YES;
				CLANG_WARN_COMMA = YES;
				CLANG_WARN_CONSTANT_CONVERSION = YES;
				CLANG_WARN_DEPRECATED_OBJC_IMPLEMENTATIONS = YES;
				CLANG_WARN_DIRECT_OBJC_ISA_USAGE = YES_ERROR;
				CLANG_WARN_EMPTY_BODY = YES;
				CLANG_WARN_ENUM_CONVERSION = YES;
				CLANG_WARN_INFINITE_RECURSION = YES;
				CLANG_WARN_INT_CONVERSION = YES;
				CLANG_WARN_NON_LITERAL_NULL_CONVERSION = YES;
				CLANG_WARN_OBJC_IMPLICIT_RETAIN_SELF = YES;
				CLANG_WARN_OBJC_LITERAL_CONVERSION = YES;
				CLANG_WARN_OBJC_ROOT_CLASS = YES_ERROR;
				CLANG_WARN_RANGE_LOOP_ANALYSIS = YES;
				CLANG_WARN_STRICT_PROTOTYPES = YES;
				CLANG_WARN_SUSPICIOUS_MOVE = YES;
				CLANG_WARN_UNREACHABLE_CODE = YES;
				CLANG_WARN__DUPLICATE_METHOD_MATCH = YES;
				"CODE_SIGN_IDENTITY[sdk=iphoneos*]" = "iPhone Developer";
				COPY_PHASE_STRIP = NO;
				DEBUG_INFORMATION_FORMAT = dwarf;
				ENABLE_STRICT_OBJC_MSGSEND = YES;
				ENABLE_TESTABILITY = YES;
				GCC_C_LANGUAGE_STANDARD = gnu99;
				GCC_DYNAMIC_NO_PIC = NO;
				GCC_NO_COMMON_BLOCKS = YES;
				GCC_OPTIMIZATION_LEVEL = 0;
				GCC_PREPROCESSOR_DEFINITIONS = (
					"DEBUG=1",
					"$(inherited)",
				);
				GCC_WARN_64_TO_32_BIT_CONVERSION = YES;
				GCC_WARN_ABOUT_RETURN_TYPE = YES_ERROR;
				GCC_WARN_UNDECLARED_SELECTOR = YES;
				GCC_WARN_UNINITIALIZED_AUTOS = YES_AGGRESSIVE;
				GCC_WARN_UNUSED_FUNCTION = YES;
				GCC_WARN_UNUSED_VARIABLE = YES;
				IPHONEOS_DEPLOYMENT_TARGET = 9.3;
				MTL_ENABLE_DEBUG_INFO = YES;
				ONLY_ACTIVE_ARCH = YES;
				SDKROOT = iphoneos;
				SWIFT_OPTIMIZATION_LEVEL = "-Onone";
				TARGETED_DEVICE_FAMILY = "1,2";
			};
			name = Debug;
		};
		C926DB001D7581BB00477020 /* Release */ = {
			isa = XCBuildConfiguration;
			buildSettings = {
				ALWAYS_SEARCH_USER_PATHS = NO;
				CLANG_ANALYZER_NONNULL = YES;
				CLANG_CXX_LANGUAGE_STANDARD = "gnu++0x";
				CLANG_CXX_LIBRARY = "libc++";
				CLANG_ENABLE_MODULES = YES;
				CLANG_ENABLE_OBJC_ARC = YES;
				CLANG_WARN_BLOCK_CAPTURE_AUTORELEASING = YES;
				CLANG_WARN_BOOL_CONVERSION = YES;
				CLANG_WARN_COMMA = YES;
				CLANG_WARN_CONSTANT_CONVERSION = YES;
				CLANG_WARN_DEPRECATED_OBJC_IMPLEMENTATIONS = YES;
				CLANG_WARN_DIRECT_OBJC_ISA_USAGE = YES_ERROR;
				CLANG_WARN_EMPTY_BODY = YES;
				CLANG_WARN_ENUM_CONVERSION = YES;
				CLANG_WARN_INFINITE_RECURSION = YES;
				CLANG_WARN_INT_CONVERSION = YES;
				CLANG_WARN_NON_LITERAL_NULL_CONVERSION = YES;
				CLANG_WARN_OBJC_IMPLICIT_RETAIN_SELF = YES;
				CLANG_WARN_OBJC_LITERAL_CONVERSION = YES;
				CLANG_WARN_OBJC_ROOT_CLASS = YES_ERROR;
				CLANG_WARN_RANGE_LOOP_ANALYSIS = YES;
				CLANG_WARN_STRICT_PROTOTYPES = YES;
				CLANG_WARN_SUSPICIOUS_MOVE = YES;
				CLANG_WARN_UNREACHABLE_CODE = YES;
				CLANG_WARN__DUPLICATE_METHOD_MATCH = YES;
				"CODE_SIGN_IDENTITY[sdk=iphoneos*]" = "iPhone Developer";
				COPY_PHASE_STRIP = NO;
				DEBUG_INFORMATION_FORMAT = "dwarf-with-dsym";
				ENABLE_NS_ASSERTIONS = NO;
				ENABLE_STRICT_OBJC_MSGSEND = YES;
				GCC_C_LANGUAGE_STANDARD = gnu99;
				GCC_NO_COMMON_BLOCKS = YES;
				GCC_WARN_64_TO_32_BIT_CONVERSION = YES;
				GCC_WARN_ABOUT_RETURN_TYPE = YES_ERROR;
				GCC_WARN_UNDECLARED_SELECTOR = YES;
				GCC_WARN_UNINITIALIZED_AUTOS = YES_AGGRESSIVE;
				GCC_WARN_UNUSED_FUNCTION = YES;
				GCC_WARN_UNUSED_VARIABLE = YES;
				IPHONEOS_DEPLOYMENT_TARGET = 9.3;
				MTL_ENABLE_DEBUG_INFO = NO;
				SDKROOT = iphoneos;
				SWIFT_OPTIMIZATION_LEVEL = "-Owholemodule";
				TARGETED_DEVICE_FAMILY = "1,2";
				VALIDATE_PRODUCT = YES;
			};
			name = Release;
		};
		C926DB021D7581BB00477020 /* Debug */ = {
			isa = XCBuildConfiguration;
			buildSettings = {
				ASSETCATALOG_COMPILER_APPICON_NAME = AppIcon;
				DEVELOPMENT_TEAM = N4VGXY9MV7;
				INFOPLIST_FILE = "Zozor+/Info.plist";
				LD_RUNPATH_SEARCH_PATHS = "$(inherited) @executable_path/Frameworks";
				PRODUCT_BUNDLE_IDENTIFIER = com.Marqueslucas.CountOnMe;
				PRODUCT_NAME = "$(TARGET_NAME)";
				SWIFT_VERSION = 4.2;
				TARGETED_DEVICE_FAMILY = 1;
			};
			name = Debug;
		};
		C926DB031D7581BB00477020 /* Release */ = {
			isa = XCBuildConfiguration;
			buildSettings = {
				ASSETCATALOG_COMPILER_APPICON_NAME = AppIcon;
				DEVELOPMENT_TEAM = N4VGXY9MV7;
				INFOPLIST_FILE = "Zozor+/Info.plist";
				LD_RUNPATH_SEARCH_PATHS = "$(inherited) @executable_path/Frameworks";
				PRODUCT_BUNDLE_IDENTIFIER = com.Marqueslucas.CountOnMe;
				PRODUCT_NAME = "$(TARGET_NAME)";
				SWIFT_VERSION = 4.2;
				TARGETED_DEVICE_FAMILY = 1;
			};
			name = Release;
		};
		C926DB051D7581BB00477020 /* Debug */ = {
			isa = XCBuildConfiguration;
			buildSettings = {
				BUNDLE_LOADER = "$(TEST_HOST)";
				CLANG_ENABLE_MODULES = YES;
				INFOPLIST_FILE = "Zozor+Tests/Info.plist";
				LD_RUNPATH_SEARCH_PATHS = "$(inherited) @executable_path/Frameworks @loader_path/Frameworks";
				PRODUCT_BUNDLE_IDENTIFIER = "com.ambroisecollon.Zozor-Tests";
				PRODUCT_NAME = "$(TARGET_NAME)";
				SWIFT_OPTIMIZATION_LEVEL = "-Onone";
				SWIFT_VERSION = 4.2;
				TEST_HOST = "$(BUILT_PRODUCTS_DIR)/CountOnMe.app/CountOnMe";
			};
			name = Debug;
		};
		C926DB061D7581BB00477020 /* Release */ = {
			isa = XCBuildConfiguration;
			buildSettings = {
				BUNDLE_LOADER = "$(TEST_HOST)";
				CLANG_ENABLE_MODULES = YES;
				INFOPLIST_FILE = "Zozor+Tests/Info.plist";
				LD_RUNPATH_SEARCH_PATHS = "$(inherited) @executable_path/Frameworks @loader_path/Frameworks";
				PRODUCT_BUNDLE_IDENTIFIER = "com.ambroisecollon.Zozor-Tests";
				PRODUCT_NAME = "$(TARGET_NAME)";
				SWIFT_VERSION = 4.2;
				TEST_HOST = "$(BUILT_PRODUCTS_DIR)/CountOnMe.app/CountOnMe";
			};
			name = Release;
		};
		C926DB081D7581BB00477020 /* Debug */ = {
			isa = XCBuildConfiguration;
			buildSettings = {
				CLANG_ENABLE_MODULES = YES;
				INFOPLIST_FILE = "Zozor+UITests/Info.plist";
				LD_RUNPATH_SEARCH_PATHS = "$(inherited) @executable_path/Frameworks @loader_path/Frameworks";
				PRODUCT_BUNDLE_IDENTIFIER = "com.ambroisecollon.Zozor-UITests";
				PRODUCT_NAME = "$(TARGET_NAME)";
				SWIFT_OPTIMIZATION_LEVEL = "-Onone";
				SWIFT_VERSION = 4.2;
				TEST_TARGET_NAME = "Zozor+";
			};
			name = Debug;
		};
		C926DB091D7581BB00477020 /* Release */ = {
			isa = XCBuildConfiguration;
			buildSettings = {
				CLANG_ENABLE_MODULES = YES;
				INFOPLIST_FILE = "Zozor+UITests/Info.plist";
				LD_RUNPATH_SEARCH_PATHS = "$(inherited) @executable_path/Frameworks @loader_path/Frameworks";
				PRODUCT_BUNDLE_IDENTIFIER = "com.ambroisecollon.Zozor-UITests";
				PRODUCT_NAME = "$(TARGET_NAME)";
				SWIFT_VERSION = 4.2;
				TEST_TARGET_NAME = "Zozor+";
			};
			name = Release;
		};
/* End XCBuildConfiguration section */

/* Begin XCConfigurationList section */
		C926DAD41D7581BB00477020 /* Build configuration list for PBXProject "CountOnMe" */ = {
			isa = XCConfigurationList;
			buildConfigurations = (
				C926DAFF1D7581BB00477020 /* Debug */,
				C926DB001D7581BB00477020 /* Release */,
			);
			defaultConfigurationIsVisible = 0;
			defaultConfigurationName = Release;
		};
		C926DB011D7581BB00477020 /* Build configuration list for PBXNativeTarget "CountOnMe" */ = {
			isa = XCConfigurationList;
			buildConfigurations = (
				C926DB021D7581BB00477020 /* Debug */,
				C926DB031D7581BB00477020 /* Release */,
			);
			defaultConfigurationIsVisible = 0;
			defaultConfigurationName = Release;
		};
		C926DB041D7581BB00477020 /* Build configuration list for PBXNativeTarget "CountOnMeTests" */ = {
			isa = XCConfigurationList;
			buildConfigurations = (
				C926DB051D7581BB00477020 /* Debug */,
				C926DB061D7581BB00477020 /* Release */,
			);
			defaultConfigurationIsVisible = 0;
			defaultConfigurationName = Release;
		};
		C926DB071D7581BB00477020 /* Build configuration list for PBXNativeTarget "CountOnMeUITests" */ = {
			isa = XCConfigurationList;
			buildConfigurations = (
				C926DB081D7581BB00477020 /* Debug */,
				C926DB091D7581BB00477020 /* Release */,
			);
			defaultConfigurationIsVisible = 0;
			defaultConfigurationName = Release;
		};
/* End XCConfigurationList section */
	};
	rootObject = C926DAD11D7581BB00477020 /* Project object */;
}
